
Microsoft Visual Studio Solution File, Format Version 12.00
# Visual Studio Version 17
VisualStudioVersion = 17.2.32630.192
MinimumVisualStudioVersion = 10.0.40219.1
Project("{8BC9CEB8-8B4A-11D0-8D11-00A0C91BC942}") = "XvsO", "XvsO.vcxproj", "{9DBD0A73-DE8C-4E8B-BFDB-1CD9307F8C7A}"
EndProject
Global
	GlobalSection(SolutionConfigurationPlatforms) = preSolution
		O|x64 = O|x64
		O|x86 = O|x86
		X|x64 = X|x64
		X|x86 = X|x86
	EndGlobalSection
	GlobalSection(ProjectConfigurationPlatforms) = postSolution
		{9DBD0A73-DE8C-4E8B-BFDB-1CD9307F8C7A}.O|x64.ActiveCfg = O|x64
		{9DBD0A73-DE8C-4E8B-BFDB-1CD9307F8C7A}.O|x64.Build.0 = O|x64
		{9DBD0A73-DE8C-4E8B-BFDB-1CD9307F8C7A}.O|x86.ActiveCfg = O|Win32
		{9DBD0A73-DE8C-4E8B-BFDB-1CD9307F8C7A}.O|x86.Build.0 = O|Win32
		{9DBD0A73-DE8C-4E8B-BFDB-1CD9307F8C7A}.X|x64.ActiveCfg = X|x64
		{9DBD0A73-DE8C-4E8B-BFDB-1CD9307F8C7A}.X|x64.Build.0 = X|x64
		{9DBD0A73-DE8C-4E8B-BFDB-1CD9307F8C7A}.X|x86.ActiveCfg = X|Win32
		{9DBD0A73-DE8C-4E8B-BFDB-1CD9307F8C7A}.X|x86.Build.0 = X|Win32
	EndGlobalSection
	GlobalSection(SolutionProperties) = preSolution
		HideSolutionNode = FALSE
	EndGlobalSection
	GlobalSection(ExtensibilityGlobals) = postSolution
		SolutionGuid = {BFC4B699-32B1-4589-9122-F0C7CCD30E1A}
	EndGlobalSection
EndGlobal
